
Microsoft Visual Studio Solution File, Format Version 12.00
# Visual Studio 15
VisualStudioVersion = 15.0.28307.329
MinimumVisualStudioVersion = 10.0.40219.1
Project("{FAE04EC0-301F-11D3-BF4B-00C04F79EFBC}") = "Project1", "Project1\Project1.csproj", "{BE4DF252-9B14-4B19-9966-014050F64D67}"
EndProject
Global
	GlobalSection(SolutionConfigurationPlatforms) = preSolution
		Debug|Any CPU = Debug|Any CPU
		Release|Any CPU = Release|Any CPU
	EndGlobalSection
	GlobalSection(ProjectConfigurationPlatforms) = postSolution
		{BE4DF252-9B14-4B19-9966-014050F64D67}.Debug|Any CPU.ActiveCfg = Debug|Any CPU
		{BE4DF252-9B14-4B19-9966-014050F64D67}.Debug|Any CPU.Build.0 = Debug|Any CPU
		{BE4DF252-9B14-4B19-9966-014050F64D67}.Release|Any CPU.ActiveCfg = Release|Any CPU
		{BE4DF252-9B14-4B19-9966-014050F64D67}.Release|Any CPU.Build.0 = Release|Any CPU
	EndGlobalSection
	GlobalSection(SolutionProperties) = preSolution
		HideSolutionNode = FALSE
	EndGlobalSection
	GlobalSection(ExtensibilityGlobals) = postSolution
		SolutionGuid = {BE80DE83-A63C-4062-A11A-030FCFFED169}
	EndGlobalSection
EndGlobal
