
Microsoft Visual Studio Solution File, Format Version 12.00
# Visual Studio 15
VisualStudioVersion = 15.0.28307.329
MinimumVisualStudioVersion = 10.0.40219.1
Project("{FAE04EC0-301F-11D3-BF4B-00C04F79EFBC}") = "FirstWebApp", "FirstWebApp\FirstWebApp.csproj", "{989C689B-82A1-46DC-BEE6-BF84A92BCB37}"
EndProject
Global
	GlobalSection(SolutionConfigurationPlatforms) = preSolution
		Debug|Any CPU = Debug|Any CPU
		Release|Any CPU = Release|Any CPU
	EndGlobalSection
	GlobalSection(ProjectConfigurationPlatforms) = postSolution
		{989C689B-82A1-46DC-BEE6-BF84A92BCB37}.Debug|Any CPU.ActiveCfg = Debug|Any CPU
		{989C689B-82A1-46DC-BEE6-BF84A92BCB37}.Debug|Any CPU.Build.0 = Debug|Any CPU
		{989C689B-82A1-46DC-BEE6-BF84A92BCB37}.Release|Any CPU.ActiveCfg = Release|Any CPU
		{989C689B-82A1-46DC-BEE6-BF84A92BCB37}.Release|Any CPU.Build.0 = Release|Any CPU
	EndGlobalSection
	GlobalSection(SolutionProperties) = preSolution
		HideSolutionNode = FALSE
	EndGlobalSection
	GlobalSection(ExtensibilityGlobals) = postSolution
		SolutionGuid = {5D1399B3-DB04-4FDA-8ECB-0E57111F2CB3}
	EndGlobalSection
EndGlobal
